
Microsoft Visual Studio Solution File, Format Version 12.00
# Visual Studio Version 17
VisualStudioVersion = 17.4.33403.182
MinimumVisualStudioVersion = 10.0.40219.1
Project("{FAE04EC0-301F-11D3-BF4B-00C04F79EFBC}") = "Ejercicio1", "Ejercicio1\Ejercicio1.csproj", "{CCEC0291-99A3-46A2-A85C-6711E6CEBB43}"
EndProject
Global
	GlobalSection(SolutionConfigurationPlatforms) = preSolution
		Debug|Any CPU = Debug|Any CPU
		Release|Any CPU = Release|Any CPU
	EndGlobalSection
	GlobalSection(ProjectConfigurationPlatforms) = postSolution
		{CCEC0291-99A3-46A2-A85C-6711E6CEBB43}.Debug|Any CPU.ActiveCfg = Debug|Any CPU
		{CCEC0291-99A3-46A2-A85C-6711E6CEBB43}.Debug|Any CPU.Build.0 = Debug|Any CPU
		{CCEC0291-99A3-46A2-A85C-6711E6CEBB43}.Release|Any CPU.ActiveCfg = Release|Any CPU
		{CCEC0291-99A3-46A2-A85C-6711E6CEBB43}.Release|Any CPU.Build.0 = Release|Any CPU
	EndGlobalSection
	GlobalSection(SolutionProperties) = preSolution
		HideSolutionNode = FALSE
	EndGlobalSection
	GlobalSection(ExtensibilityGlobals) = postSolution
		SolutionGuid = {183D2A33-E639-4EC8-AAD8-8A9A87E31FDB}
	EndGlobalSection
EndGlobal
