
Microsoft Visual Studio Solution File, Format Version 12.00
# Visual Studio Version 17
VisualStudioVersion = 17.4.33403.182
MinimumVisualStudioVersion = 10.0.40219.1
Project("{FAE04EC0-301F-11D3-BF4B-00C04F79EFBC}") = "Ejercicio1", "Ejercicio-Sesion2\Ejercicio1.csproj", "{BB8771B4-BC94-4EB7-B185-234B782D6C6B}"
EndProject
Project("{FAE04EC0-301F-11D3-BF4B-00C04F79EFBC}") = "Ejercicio2", "Ejercicio2\Ejercicio2.csproj", "{2E52D9E4-5693-4190-9356-2FEAB558CED8}"
EndProject
Project("{FAE04EC0-301F-11D3-BF4B-00C04F79EFBC}") = "Ejercicio3", "Ejercicio3\Ejercicio3.csproj", "{D09EB8C7-E1A4-46C7-B1E9-CDEFC549E84A}"
EndProject
Global
	GlobalSection(SolutionConfigurationPlatforms) = preSolution
		Debug|Any CPU = Debug|Any CPU
		Release|Any CPU = Release|Any CPU
	EndGlobalSection
	GlobalSection(ProjectConfigurationPlatforms) = postSolution
		{BB8771B4-BC94-4EB7-B185-234B782D6C6B}.Debug|Any CPU.ActiveCfg = Debug|Any CPU
		{BB8771B4-BC94-4EB7-B185-234B782D6C6B}.Debug|Any CPU.Build.0 = Debug|Any CPU
		{BB8771B4-BC94-4EB7-B185-234B782D6C6B}.Release|Any CPU.ActiveCfg = Release|Any CPU
		{BB8771B4-BC94-4EB7-B185-234B782D6C6B}.Release|Any CPU.Build.0 = Release|Any CPU
		{2E52D9E4-5693-4190-9356-2FEAB558CED8}.Debug|Any CPU.ActiveCfg = Debug|Any CPU
		{2E52D9E4-5693-4190-9356-2FEAB558CED8}.Debug|Any CPU.Build.0 = Debug|Any CPU
		{2E52D9E4-5693-4190-9356-2FEAB558CED8}.Release|Any CPU.ActiveCfg = Release|Any CPU
		{2E52D9E4-5693-4190-9356-2FEAB558CED8}.Release|Any CPU.Build.0 = Release|Any CPU
		{D09EB8C7-E1A4-46C7-B1E9-CDEFC549E84A}.Debug|Any CPU.ActiveCfg = Debug|Any CPU
		{D09EB8C7-E1A4-46C7-B1E9-CDEFC549E84A}.Debug|Any CPU.Build.0 = Debug|Any CPU
		{D09EB8C7-E1A4-46C7-B1E9-CDEFC549E84A}.Release|Any CPU.ActiveCfg = Release|Any CPU
		{D09EB8C7-E1A4-46C7-B1E9-CDEFC549E84A}.Release|Any CPU.Build.0 = Release|Any CPU
	EndGlobalSection
	GlobalSection(SolutionProperties) = preSolution
		HideSolutionNode = FALSE
	EndGlobalSection
	GlobalSection(ExtensibilityGlobals) = postSolution
		SolutionGuid = {7E23DD6D-EAB0-4E6B-9C55-62E199ADD896}
	EndGlobalSection
EndGlobal
